{
  "name": "freemark-demo",
  "version": "1.0.0",
  "lockfileVersion": 2,
  "requires": true,
  "packages": {
    "": {
      "name": "freemark-demo",
      "version": "1.0.0",
      "license": "ISC",
      "dependencies": {
        "freemarker.js": "^1.4.0"
      }
    },
    "node_modules/freemarker.js": {
      "version": "1.4.0",
      "resolved": "https://registry.npmmirror.com/freemarker.js/-/freemarker.js-1.4.0.tgz",
      "integrity": "sha512-uxT8j8gYhkgIMQ0CQjuHsvVpJyViru/x1g+tZFEEYSPliAWa97nTTuJDbnT+vaf2AwbmyvyH0vSOxSoCJTrXeg==",
      "dependencies": {
        "node-uuid": "^1.4.3"
      },
      "bin": {
        "fmpp": "fmpp/fmpp"
      }
    },
    "node_modules/node-uuid": {
      "version": "1.4.8",
      "resolved": "https://registry.npmmirror.com/node-uuid/-/node-uuid-1.4.8.tgz",
      "integrity": "sha512-TkCET/3rr9mUuRp+CpO7qfgT++aAxfDRaalQhwPFzI9BY/2rCDn6OfpZOVggi1AXfTPpfkTrg5f5WQx5G1uLxA==",
      "deprecated": "Use uuid module instead",
      "bin": {
        "uuid": "bin/uuid"
      }
    }
  },
  "dependencies": {
    "freemarker.js": {
      "version": "1.4.0",
      "resolved": "https://registry.npmmirror.com/freemarker.js/-/freemarker.js-1.4.0.tgz",
      "integrity": "sha512-uxT8j8gYhkgIMQ0CQjuHsvVpJyViru/x1g+tZFEEYSPliAWa97nTTuJDbnT+vaf2AwbmyvyH0vSOxSoCJTrXeg==",
      "requires": {
        "node-uuid": "^1.4.3"
      }
    },
    "node-uuid": {
      "version": "1.4.8",
      "resolved": "https://registry.npmmirror.com/node-uuid/-/node-uuid-1.4.8.tgz",
      "integrity": "sha512-TkCET/3rr9mUuRp+CpO7qfgT++aAxfDRaalQhwPFzI9BY/2rCDn6OfpZOVggi1AXfTPpfkTrg5f5WQx5G1uLxA=="
    }
  }
}
